
Microsoft Visual Studio Solution File, Format Version 12.00
# Visual Studio Version 17
VisualStudioVersion = 17.2.32526.322
MinimumVisualStudioVersion = 10.0.40219.1
Project("{FAE04EC0-301F-11D3-BF4B-00C04F79EFBC}") = "csharpApi_repository_service_simples", "csharpApi_repository_service_simples\csharpApi_repository_service_simples.csproj", "{2279AE32-68AD-4C83-91E6-59AA49AB7CDD}"
EndProject
Global
	GlobalSection(SolutionConfigurationPlatforms) = preSolution
		Debug|Any CPU = Debug|Any CPU
		Release|Any CPU = Release|Any CPU
	EndGlobalSection
	GlobalSection(ProjectConfigurationPlatforms) = postSolution
		{2279AE32-68AD-4C83-91E6-59AA49AB7CDD}.Debug|Any CPU.ActiveCfg = Debug|Any CPU
		{2279AE32-68AD-4C83-91E6-59AA49AB7CDD}.Debug|Any CPU.Build.0 = Debug|Any CPU
		{2279AE32-68AD-4C83-91E6-59AA49AB7CDD}.Release|Any CPU.ActiveCfg = Release|Any CPU
		{2279AE32-68AD-4C83-91E6-59AA49AB7CDD}.Release|Any CPU.Build.0 = Release|Any CPU
	EndGlobalSection
	GlobalSection(SolutionProperties) = preSolution
		HideSolutionNode = FALSE
	EndGlobalSection
	GlobalSection(ExtensibilityGlobals) = postSolution
		SolutionGuid = {639E6E30-9FB0-43C3-A5BC-9B6DDBEEAA1E}
	EndGlobalSection
EndGlobal
